
Microsoft Visual Studio Solution File, Format Version 12.00
# Visual Studio Version 17
VisualStudioVersion = 17.5.33414.496
MinimumVisualStudioVersion = 10.0.40219.1
Project("{FAE04EC0-301F-11D3-BF4B-00C04F79EFBC}") = "Laboratorio 3", "Laboratorio 3\Laboratorio 3.csproj", "{835948FA-22E0-4BBB-91B2-7DC97870ED37}"
EndProject
Global
	GlobalSection(SolutionConfigurationPlatforms) = preSolution
		Debug|Any CPU = Debug|Any CPU
		Release|Any CPU = Release|Any CPU
	EndGlobalSection
	GlobalSection(ProjectConfigurationPlatforms) = postSolution
		{835948FA-22E0-4BBB-91B2-7DC97870ED37}.Debug|Any CPU.ActiveCfg = Debug|Any CPU
		{835948FA-22E0-4BBB-91B2-7DC97870ED37}.Debug|Any CPU.Build.0 = Debug|Any CPU
		{835948FA-22E0-4BBB-91B2-7DC97870ED37}.Release|Any CPU.ActiveCfg = Release|Any CPU
		{835948FA-22E0-4BBB-91B2-7DC97870ED37}.Release|Any CPU.Build.0 = Release|Any CPU
	EndGlobalSection
	GlobalSection(SolutionProperties) = preSolution
		HideSolutionNode = FALSE
	EndGlobalSection
	GlobalSection(ExtensibilityGlobals) = postSolution
		SolutionGuid = {54017B3B-8B17-476F-BE73-A480CD8E206A}
	EndGlobalSection
EndGlobal
